
Microsoft Visual Studio Solution File, Format Version 12.00
# Visual Studio 2012
Project("{FAE04EC0-301F-11D3-BF4B-00C04F79EFBC}") = "Module02", "Module02\Module02.csproj", "{8BA8B490-5216-4624-B05E-A0D970DC8F22}"
EndProject
Project("{FAE04EC0-301F-11D3-BF4B-00C04F79EFBC}") = "ReadFromCommandLine", "ReadFromCommandLine\ReadFromCommandLine.csproj", "{1BF213A9-005B-46BC-9521-99CF5A02295B}"
EndProject
Global
	GlobalSection(SolutionConfigurationPlatforms) = preSolution
		Debug|x86 = Debug|x86
		Release|x86 = Release|x86
	EndGlobalSection
	GlobalSection(ProjectConfigurationPlatforms) = postSolution
		{1BF213A9-005B-46BC-9521-99CF5A02295B}.Debug|x86.ActiveCfg = Debug|x86
		{1BF213A9-005B-46BC-9521-99CF5A02295B}.Debug|x86.Build.0 = Debug|x86
		{1BF213A9-005B-46BC-9521-99CF5A02295B}.Release|x86.ActiveCfg = Release|x86
		{1BF213A9-005B-46BC-9521-99CF5A02295B}.Release|x86.Build.0 = Release|x86
		{8BA8B490-5216-4624-B05E-A0D970DC8F22}.Debug|x86.ActiveCfg = Debug|x86
		{8BA8B490-5216-4624-B05E-A0D970DC8F22}.Debug|x86.Build.0 = Debug|x86
		{8BA8B490-5216-4624-B05E-A0D970DC8F22}.Release|x86.ActiveCfg = Release|x86
		{8BA8B490-5216-4624-B05E-A0D970DC8F22}.Release|x86.Build.0 = Release|x86
	EndGlobalSection
EndGlobal
